
Microsoft Visual Studio Solution File, Format Version 12.00
# Visual Studio Version 16
VisualStudioVersion = 16.0.31613.86
MinimumVisualStudioVersion = 10.0.40219.1
Project("{FAE04EC0-301F-11D3-BF4B-00C04F79EFBC}") = "ApiCatalogoJogos", "ApiCatalogoJogos\ApiCatalogoJogos.csproj", "{90AEB0A7-1ABA-42C1-B0D5-AC66E5E98567}"
EndProject
Global
	GlobalSection(SolutionConfigurationPlatforms) = preSolution
		Debug|Any CPU = Debug|Any CPU
		Release|Any CPU = Release|Any CPU
	EndGlobalSection
	GlobalSection(ProjectConfigurationPlatforms) = postSolution
		{90AEB0A7-1ABA-42C1-B0D5-AC66E5E98567}.Debug|Any CPU.ActiveCfg = Debug|Any CPU
		{90AEB0A7-1ABA-42C1-B0D5-AC66E5E98567}.Debug|Any CPU.Build.0 = Debug|Any CPU
		{90AEB0A7-1ABA-42C1-B0D5-AC66E5E98567}.Release|Any CPU.ActiveCfg = Release|Any CPU
		{90AEB0A7-1ABA-42C1-B0D5-AC66E5E98567}.Release|Any CPU.Build.0 = Release|Any CPU
	EndGlobalSection
	GlobalSection(SolutionProperties) = preSolution
		HideSolutionNode = FALSE
	EndGlobalSection
	GlobalSection(ExtensibilityGlobals) = postSolution
		SolutionGuid = {FB63B433-D905-4146-9BB8-CFF64B396E37}
	EndGlobalSection
EndGlobal
